
Microsoft Visual Studio Solution File, Format Version 12.00
# Visual Studio 14
VisualStudioVersion = 14.0.25420.1
MinimumVisualStudioVersion = 10.0.40219.1
Project("{FAE04EC0-301F-11D3-BF4B-00C04F79EFBC}") = "MiniETL", "MiniETL\MiniETL.csproj", "{B57F4C38-EDE3-4AD2-92AE-BC885F4EC136}"
EndProject
Project("{FAE04EC0-301F-11D3-BF4B-00C04F79EFBC}") = "Test", "Test\Test.csproj", "{E22EDA9F-76FF-4F91-A5C5-7626CBD4D158}"
EndProject
Project("{FAE04EC0-301F-11D3-BF4B-00C04F79EFBC}") = "ReadExcelFileApp", "ReadExcelFileApp\ReadExcelFileApp.csproj", "{E072AD5C-5E12-4235-B022-03C7B4CFA615}"
EndProject
Project("{FAE04EC0-301F-11D3-BF4B-00C04F79EFBC}") = "ReadExcelWithOtherMethod", "ReadExcelWithOtherMethod\ReadExcelWithOtherMethod.csproj", "{203E5829-6495-4D98-937B-5012A9C6F5DF}"
EndProject
Project("{FAE04EC0-301F-11D3-BF4B-00C04F79EFBC}") = "ReadCsvFile", "ReadCsvFile\ReadCsvFile.csproj", "{D4B0438A-F386-4EE8-A0A1-8C07E7F4D8A1}"
EndProject
Project("{FAE04EC0-301F-11D3-BF4B-00C04F79EFBC}") = "userTap", "userTap\userTap.csproj", "{D9BE6EF4-2D5A-4257-917E-828CEB6E1A11}"
EndProject
Project("{FAE04EC0-301F-11D3-BF4B-00C04F79EFBC}") = "dataGridWithComboBox", "dataGridWithComboBox\dataGridWithComboBox.csproj", "{09F270C4-164A-4355-9859-FF5A1F8B9832}"
EndProject
Global
	GlobalSection(SolutionConfigurationPlatforms) = preSolution
		Debug|Any CPU = Debug|Any CPU
		Release|Any CPU = Release|Any CPU
	EndGlobalSection
	GlobalSection(ProjectConfigurationPlatforms) = postSolution
		{B57F4C38-EDE3-4AD2-92AE-BC885F4EC136}.Debug|Any CPU.ActiveCfg = Debug|Any CPU
		{B57F4C38-EDE3-4AD2-92AE-BC885F4EC136}.Debug|Any CPU.Build.0 = Debug|Any CPU
		{B57F4C38-EDE3-4AD2-92AE-BC885F4EC136}.Release|Any CPU.ActiveCfg = Release|Any CPU
		{B57F4C38-EDE3-4AD2-92AE-BC885F4EC136}.Release|Any CPU.Build.0 = Release|Any CPU
		{E22EDA9F-76FF-4F91-A5C5-7626CBD4D158}.Debug|Any CPU.ActiveCfg = Debug|Any CPU
		{E22EDA9F-76FF-4F91-A5C5-7626CBD4D158}.Debug|Any CPU.Build.0 = Debug|Any CPU
		{E22EDA9F-76FF-4F91-A5C5-7626CBD4D158}.Release|Any CPU.ActiveCfg = Release|Any CPU
		{E22EDA9F-76FF-4F91-A5C5-7626CBD4D158}.Release|Any CPU.Build.0 = Release|Any CPU
		{E072AD5C-5E12-4235-B022-03C7B4CFA615}.Debug|Any CPU.ActiveCfg = Debug|Any CPU
		{E072AD5C-5E12-4235-B022-03C7B4CFA615}.Debug|Any CPU.Build.0 = Debug|Any CPU
		{E072AD5C-5E12-4235-B022-03C7B4CFA615}.Release|Any CPU.ActiveCfg = Release|Any CPU
		{E072AD5C-5E12-4235-B022-03C7B4CFA615}.Release|Any CPU.Build.0 = Release|Any CPU
		{203E5829-6495-4D98-937B-5012A9C6F5DF}.Debug|Any CPU.ActiveCfg = Debug|Any CPU
		{203E5829-6495-4D98-937B-5012A9C6F5DF}.Debug|Any CPU.Build.0 = Debug|Any CPU
		{203E5829-6495-4D98-937B-5012A9C6F5DF}.Release|Any CPU.ActiveCfg = Release|Any CPU
		{203E5829-6495-4D98-937B-5012A9C6F5DF}.Release|Any CPU.Build.0 = Release|Any CPU
		{D4B0438A-F386-4EE8-A0A1-8C07E7F4D8A1}.Debug|Any CPU.ActiveCfg = Debug|Any CPU
		{D4B0438A-F386-4EE8-A0A1-8C07E7F4D8A1}.Debug|Any CPU.Build.0 = Debug|Any CPU
		{D4B0438A-F386-4EE8-A0A1-8C07E7F4D8A1}.Release|Any CPU.ActiveCfg = Release|Any CPU
		{D4B0438A-F386-4EE8-A0A1-8C07E7F4D8A1}.Release|Any CPU.Build.0 = Release|Any CPU
		{D9BE6EF4-2D5A-4257-917E-828CEB6E1A11}.Debug|Any CPU.ActiveCfg = Debug|Any CPU
		{D9BE6EF4-2D5A-4257-917E-828CEB6E1A11}.Debug|Any CPU.Build.0 = Debug|Any CPU
		{D9BE6EF4-2D5A-4257-917E-828CEB6E1A11}.Release|Any CPU.ActiveCfg = Release|Any CPU
		{D9BE6EF4-2D5A-4257-917E-828CEB6E1A11}.Release|Any CPU.Build.0 = Release|Any CPU
		{09F270C4-164A-4355-9859-FF5A1F8B9832}.Debug|Any CPU.ActiveCfg = Debug|Any CPU
		{09F270C4-164A-4355-9859-FF5A1F8B9832}.Debug|Any CPU.Build.0 = Debug|Any CPU
		{09F270C4-164A-4355-9859-FF5A1F8B9832}.Release|Any CPU.ActiveCfg = Release|Any CPU
		{09F270C4-164A-4355-9859-FF5A1F8B9832}.Release|Any CPU.Build.0 = Release|Any CPU
	EndGlobalSection
	GlobalSection(SolutionProperties) = preSolution
		HideSolutionNode = FALSE
	EndGlobalSection
EndGlobal
